
Microsoft Visual Studio Solution File, Format Version 12.00
# Visual Studio Version 17
VisualStudioVersion = 17.14.36221.1 d17.14
MinimumVisualStudioVersion = 10.0.40219.1
Project("{FAE04EC0-301F-11D3-BF4B-00C04F79EFBC}") = "exe1", "exe1.csproj", "{E79E1C48-5AC0-7E64-EBD8-F70190B0558F}"
EndProject
Global
	GlobalSection(SolutionConfigurationPlatforms) = preSolution
		Debug|Any CPU = Debug|Any CPU
		Release|Any CPU = Release|Any CPU
	EndGlobalSection
	GlobalSection(ProjectConfigurationPlatforms) = postSolution
		{E79E1C48-5AC0-7E64-EBD8-F70190B0558F}.Debug|Any CPU.ActiveCfg = Debug|Any CPU
		{E79E1C48-5AC0-7E64-EBD8-F70190B0558F}.Debug|Any CPU.Build.0 = Debug|Any CPU
		{E79E1C48-5AC0-7E64-EBD8-F70190B0558F}.Release|Any CPU.ActiveCfg = Release|Any CPU
		{E79E1C48-5AC0-7E64-EBD8-F70190B0558F}.Release|Any CPU.Build.0 = Release|Any CPU
	EndGlobalSection
	GlobalSection(SolutionProperties) = preSolution
		HideSolutionNode = FALSE
	EndGlobalSection
	GlobalSection(ExtensibilityGlobals) = postSolution
		SolutionGuid = {E5F31B3E-0DFF-4CBC-9CCD-D5843C5C78A3}
	EndGlobalSection
EndGlobal
